
Microsoft Visual Studio Solution File, Format Version 12.00
# Visual Studio 15
VisualStudioVersion = 15.0.28307.329
MinimumVisualStudioVersion = 10.0.40219.1
Project("{FAE04EC0-301F-11D3-BF4B-00C04F79EFBC}") = "Common.FileSystemProject", "Common.FileSystemProject\Common.FileSystemProject.csproj", "{A7ABA066-8A4D-4447-BB07-0D9579B3717C}"
EndProject
Project("{FAE04EC0-301F-11D3-BF4B-00C04F79EFBC}") = "SdkProject", "SdkProject\SdkProject.csproj", "{FA089807-F92C-42C0-9DB2-69A577F3F6A4}"
EndProject
Project("{FAE04EC0-301F-11D3-BF4B-00C04F79EFBC}") = "TestProject", "TestProject\TestProject.csproj", "{BFD03987-A222-49F9-890A-4A0DF271E967}"
EndProject
Project("{2150E333-8FDC-42A3-9474-1A3956D46DE8}") = "Services", "Services", "{6803BE8C-EDF2-4B02-8C2D-E92C63E27DC1}"
EndProject
Project("{2150E333-8FDC-42A3-9474-1A3956D46DE8}") = "Common", "Common", "{4EEF1895-C2E0-4EC1-A818-5E4091AC8C18}"
EndProject
Project("{FAE04EC0-301F-11D3-BF4B-00C04F79EFBC}") = "PublicApiProject", "PublicApiProject\PublicApiProject.csproj", "{EDAE8D83-7DB9-45D9-9BB2-C2681CAAE92C}"
EndProject
Project("{FAE04EC0-301F-11D3-BF4B-00C04F79EFBC}") = "Common.ServicesApi", "Common.ServicesApi\Common.ServicesApi.csproj", "{97632632-DBBA-4122-9F8C-829C5BD65C65}"
EndProject
Project("{FAE04EC0-301F-11D3-BF4B-00C04F79EFBC}") = "Core.Customer", "Core.Customer\Core.Customer.csproj", "{4465B011-A9EA-49BD-AFC2-5B4B0A21BA9C}"
EndProject
Project("{FAE04EC0-301F-11D3-BF4B-00C04F79EFBC}") = "Core.Publisher", "Core.Publisher\Core.Publisher.csproj", "{254A1EA7-C90B-431E-BC42-8E43EFDB907D}"
EndProject
Project("{FAE04EC0-301F-11D3-BF4B-00C04F79EFBC}") = "TelegramBotService", "TelegramBotService\TelegramBotService.csproj", "{CD3753F9-477B-4A5B-8078-6750DCE10297}"
EndProject
Project("{FAE04EC0-301F-11D3-BF4B-00C04F79EFBC}") = "Core.Daemon", "Core.Daemon\Core.Daemon.csproj", "{BCE28865-1198-46C9-B328-42064FF5980B}"
EndProject
Project("{FAE04EC0-301F-11D3-BF4B-00C04F79EFBC}") = "Common.DatabaseProject", "Common.DatabaseProject\Common.DatabaseProject.csproj", "{50FCC2E8-D736-45BA-B4D6-E3B8F6E43BB9}"
EndProject
Project("{FAE04EC0-301F-11D3-BF4B-00C04F79EFBC}") = "VpnConnectionService", "VpnConnectionService\VpnConnectionService.csproj", "{4C1B7844-EE89-4816-959A-C62B3A6144D7}"
EndProject
Project("{FAE04EC0-301F-11D3-BF4B-00C04F79EFBC}") = "Core.Process", "Core.Process\Core.Process.csproj", "{76B8FD09-E5E4-446C-AEB9-88D4BF9B9C45}"
EndProject
Project("{FAE04EC0-301F-11D3-BF4B-00C04F79EFBC}") = "PlaceholderService", "PlaceholderService\PlaceholderService.csproj", "{65EB8470-07BC-4A55-9214-3EC717B5B4CA}"
EndProject
Project("{FAE04EC0-301F-11D3-BF4B-00C04F79EFBC}") = "Core.WebServiceBase", "Core.WebServiceBase\Core.WebServiceBase.csproj", "{ACAD12ED-4E4C-48EA-8AE0-60E748E379D9}"
EndProject
Global
	GlobalSection(SolutionConfigurationPlatforms) = preSolution
		Debug|Any CPU = Debug|Any CPU
		Release|Any CPU = Release|Any CPU
	EndGlobalSection
	GlobalSection(ProjectConfigurationPlatforms) = postSolution
		{A7ABA066-8A4D-4447-BB07-0D9579B3717C}.Debug|Any CPU.ActiveCfg = Debug|Any CPU
		{A7ABA066-8A4D-4447-BB07-0D9579B3717C}.Debug|Any CPU.Build.0 = Debug|Any CPU
		{A7ABA066-8A4D-4447-BB07-0D9579B3717C}.Release|Any CPU.ActiveCfg = Release|Any CPU
		{A7ABA066-8A4D-4447-BB07-0D9579B3717C}.Release|Any CPU.Build.0 = Release|Any CPU
		{FA089807-F92C-42C0-9DB2-69A577F3F6A4}.Debug|Any CPU.ActiveCfg = Debug|Any CPU
		{FA089807-F92C-42C0-9DB2-69A577F3F6A4}.Debug|Any CPU.Build.0 = Debug|Any CPU
		{FA089807-F92C-42C0-9DB2-69A577F3F6A4}.Release|Any CPU.ActiveCfg = Release|Any CPU
		{FA089807-F92C-42C0-9DB2-69A577F3F6A4}.Release|Any CPU.Build.0 = Release|Any CPU
		{BFD03987-A222-49F9-890A-4A0DF271E967}.Debug|Any CPU.ActiveCfg = Debug|Any CPU
		{BFD03987-A222-49F9-890A-4A0DF271E967}.Debug|Any CPU.Build.0 = Debug|Any CPU
		{BFD03987-A222-49F9-890A-4A0DF271E967}.Release|Any CPU.ActiveCfg = Release|Any CPU
		{BFD03987-A222-49F9-890A-4A0DF271E967}.Release|Any CPU.Build.0 = Release|Any CPU
		{EDAE8D83-7DB9-45D9-9BB2-C2681CAAE92C}.Debug|Any CPU.ActiveCfg = Debug|Any CPU
		{EDAE8D83-7DB9-45D9-9BB2-C2681CAAE92C}.Debug|Any CPU.Build.0 = Debug|Any CPU
		{EDAE8D83-7DB9-45D9-9BB2-C2681CAAE92C}.Release|Any CPU.ActiveCfg = Release|Any CPU
		{EDAE8D83-7DB9-45D9-9BB2-C2681CAAE92C}.Release|Any CPU.Build.0 = Release|Any CPU
		{97632632-DBBA-4122-9F8C-829C5BD65C65}.Debug|Any CPU.ActiveCfg = Debug|Any CPU
		{97632632-DBBA-4122-9F8C-829C5BD65C65}.Debug|Any CPU.Build.0 = Debug|Any CPU
		{97632632-DBBA-4122-9F8C-829C5BD65C65}.Release|Any CPU.ActiveCfg = Release|Any CPU
		{97632632-DBBA-4122-9F8C-829C5BD65C65}.Release|Any CPU.Build.0 = Release|Any CPU
		{4465B011-A9EA-49BD-AFC2-5B4B0A21BA9C}.Debug|Any CPU.ActiveCfg = Debug|Any CPU
		{4465B011-A9EA-49BD-AFC2-5B4B0A21BA9C}.Debug|Any CPU.Build.0 = Debug|Any CPU
		{4465B011-A9EA-49BD-AFC2-5B4B0A21BA9C}.Release|Any CPU.ActiveCfg = Release|Any CPU
		{4465B011-A9EA-49BD-AFC2-5B4B0A21BA9C}.Release|Any CPU.Build.0 = Release|Any CPU
		{254A1EA7-C90B-431E-BC42-8E43EFDB907D}.Debug|Any CPU.ActiveCfg = Debug|Any CPU
		{254A1EA7-C90B-431E-BC42-8E43EFDB907D}.Debug|Any CPU.Build.0 = Debug|Any CPU
		{254A1EA7-C90B-431E-BC42-8E43EFDB907D}.Release|Any CPU.ActiveCfg = Release|Any CPU
		{254A1EA7-C90B-431E-BC42-8E43EFDB907D}.Release|Any CPU.Build.0 = Release|Any CPU
		{CD3753F9-477B-4A5B-8078-6750DCE10297}.Debug|Any CPU.ActiveCfg = Debug|Any CPU
		{CD3753F9-477B-4A5B-8078-6750DCE10297}.Debug|Any CPU.Build.0 = Debug|Any CPU
		{CD3753F9-477B-4A5B-8078-6750DCE10297}.Release|Any CPU.ActiveCfg = Release|Any CPU
		{CD3753F9-477B-4A5B-8078-6750DCE10297}.Release|Any CPU.Build.0 = Release|Any CPU
		{BCE28865-1198-46C9-B328-42064FF5980B}.Debug|Any CPU.ActiveCfg = Debug|Any CPU
		{BCE28865-1198-46C9-B328-42064FF5980B}.Debug|Any CPU.Build.0 = Debug|Any CPU
		{BCE28865-1198-46C9-B328-42064FF5980B}.Release|Any CPU.ActiveCfg = Release|Any CPU
		{BCE28865-1198-46C9-B328-42064FF5980B}.Release|Any CPU.Build.0 = Release|Any CPU
		{50FCC2E8-D736-45BA-B4D6-E3B8F6E43BB9}.Debug|Any CPU.ActiveCfg = Debug|Any CPU
		{50FCC2E8-D736-45BA-B4D6-E3B8F6E43BB9}.Debug|Any CPU.Build.0 = Debug|Any CPU
		{50FCC2E8-D736-45BA-B4D6-E3B8F6E43BB9}.Release|Any CPU.ActiveCfg = Release|Any CPU
		{50FCC2E8-D736-45BA-B4D6-E3B8F6E43BB9}.Release|Any CPU.Build.0 = Release|Any CPU
		{4C1B7844-EE89-4816-959A-C62B3A6144D7}.Debug|Any CPU.ActiveCfg = Debug|Any CPU
		{4C1B7844-EE89-4816-959A-C62B3A6144D7}.Debug|Any CPU.Build.0 = Debug|Any CPU
		{4C1B7844-EE89-4816-959A-C62B3A6144D7}.Release|Any CPU.ActiveCfg = Release|Any CPU
		{4C1B7844-EE89-4816-959A-C62B3A6144D7}.Release|Any CPU.Build.0 = Release|Any CPU
		{76B8FD09-E5E4-446C-AEB9-88D4BF9B9C45}.Debug|Any CPU.ActiveCfg = Debug|Any CPU
		{76B8FD09-E5E4-446C-AEB9-88D4BF9B9C45}.Debug|Any CPU.Build.0 = Debug|Any CPU
		{76B8FD09-E5E4-446C-AEB9-88D4BF9B9C45}.Release|Any CPU.ActiveCfg = Release|Any CPU
		{76B8FD09-E5E4-446C-AEB9-88D4BF9B9C45}.Release|Any CPU.Build.0 = Release|Any CPU
		{65EB8470-07BC-4A55-9214-3EC717B5B4CA}.Debug|Any CPU.ActiveCfg = Debug|Any CPU
		{65EB8470-07BC-4A55-9214-3EC717B5B4CA}.Debug|Any CPU.Build.0 = Debug|Any CPU
		{65EB8470-07BC-4A55-9214-3EC717B5B4CA}.Release|Any CPU.ActiveCfg = Release|Any CPU
		{65EB8470-07BC-4A55-9214-3EC717B5B4CA}.Release|Any CPU.Build.0 = Release|Any CPU
		{ACAD12ED-4E4C-48EA-8AE0-60E748E379D9}.Debug|Any CPU.ActiveCfg = Debug|Any CPU
		{ACAD12ED-4E4C-48EA-8AE0-60E748E379D9}.Debug|Any CPU.Build.0 = Debug|Any CPU
		{ACAD12ED-4E4C-48EA-8AE0-60E748E379D9}.Release|Any CPU.ActiveCfg = Release|Any CPU
		{ACAD12ED-4E4C-48EA-8AE0-60E748E379D9}.Release|Any CPU.Build.0 = Release|Any CPU
	EndGlobalSection
	GlobalSection(SolutionProperties) = preSolution
		HideSolutionNode = FALSE
	EndGlobalSection
	GlobalSection(ExtensibilityGlobals) = postSolution
		SolutionGuid = {71FC508F-D243-49A2-A62E-B0AD7443638C}
	EndGlobalSection
	GlobalSection(NestedProjects) = preSolution
		{EDAE8D83-7DB9-45D9-9BB2-C2681CAAE92C} = {6803BE8C-EDF2-4B02-8C2D-E92C63E27DC1}
		{97632632-DBBA-4122-9F8C-829C5BD65C65} = {4EEF1895-C2E0-4EC1-A818-5E4091AC8C18}
		{4465B011-A9EA-49BD-AFC2-5B4B0A21BA9C} = {4EEF1895-C2E0-4EC1-A818-5E4091AC8C18}
		{254A1EA7-C90B-431E-BC42-8E43EFDB907D} = {4EEF1895-C2E0-4EC1-A818-5E4091AC8C18}
		{A7ABA066-8A4D-4447-BB07-0D9579B3717C} = {4EEF1895-C2E0-4EC1-A818-5E4091AC8C18}
		{CD3753F9-477B-4A5B-8078-6750DCE10297} = {6803BE8C-EDF2-4B02-8C2D-E92C63E27DC1}
		{BCE28865-1198-46C9-B328-42064FF5980B} = {4EEF1895-C2E0-4EC1-A818-5E4091AC8C18}
		{50FCC2E8-D736-45BA-B4D6-E3B8F6E43BB9} = {4EEF1895-C2E0-4EC1-A818-5E4091AC8C18}
		{4C1B7844-EE89-4816-959A-C62B3A6144D7} = {6803BE8C-EDF2-4B02-8C2D-E92C63E27DC1}
		{76B8FD09-E5E4-446C-AEB9-88D4BF9B9C45} = {4EEF1895-C2E0-4EC1-A818-5E4091AC8C18}
		{65EB8470-07BC-4A55-9214-3EC717B5B4CA} = {6803BE8C-EDF2-4B02-8C2D-E92C63E27DC1}
		{ACAD12ED-4E4C-48EA-8AE0-60E748E379D9} = {4EEF1895-C2E0-4EC1-A818-5E4091AC8C18}
	EndGlobalSection
EndGlobal
